
Microsoft Visual Studio Solution File, Format Version 12.00
# Visual Studio Version 17
VisualStudioVersion = 17.0.31903.59
MinimumVisualStudioVersion = 10.0.40219.1
Project("{2150E333-8FDC-42A3-9474-1A3956D46DE8}") = "src", "src", "{CEF9C9F6-EEB2-4652-9BFC-D1E766B0A999}"
EndProject
Project("{2150E333-8FDC-42A3-9474-1A3956D46DE8}") = "tests", "tests", "{0E8AD5FF-7E7D-4ACC-9F0E-1D3C334BA61A}"
EndProject
Project("{9A19103F-16F7-4668-BE54-9A1E7A4F7556}") = "R150.WordPressXmlExportParser", "src\R150.WordpressXmlExportParser\R150.WordPressXmlExportParser.csproj", "{76C138FB-7F08-467F-B3CE-8CA2475B91D2}"
EndProject
Project("{9A19103F-16F7-4668-BE54-9A1E7A4F7556}") = "R150.WordPressXmlExportParser.UnitTests", "tests\R150.WordpressXmlExportParser.UnitTests\R150.WordPressXmlExportParser.UnitTests.csproj", "{0432709D-7BE1-4B40-AF07-F43C62FF7907}"
EndProject
Project("{9A19103F-16F7-4668-BE54-9A1E7A4F7556}") = "R150.WordPressXmlExportParser.Console", "src\R150.WordPressXmlExportParser.Console\R150.WordPressXmlExportParser.Console.csproj", "{960535EA-7CA5-47BD-B193-EFF9D3496BBC}"
EndProject
Project("{2150E333-8FDC-42A3-9474-1A3956D46DE8}") = "Solution Items", "Solution Items", "{03E463BA-992C-4A7C-A686-9DA10AC81542}"
	ProjectSection(SolutionItems) = preProject
		README.md = README.md
	EndProjectSection
EndProject
Global
	GlobalSection(SolutionConfigurationPlatforms) = preSolution
		Debug|Any CPU = Debug|Any CPU
		Release|Any CPU = Release|Any CPU
	EndGlobalSection
	GlobalSection(ProjectConfigurationPlatforms) = postSolution
		{76C138FB-7F08-467F-B3CE-8CA2475B91D2}.Debug|Any CPU.ActiveCfg = Debug|Any CPU
		{76C138FB-7F08-467F-B3CE-8CA2475B91D2}.Debug|Any CPU.Build.0 = Debug|Any CPU
		{76C138FB-7F08-467F-B3CE-8CA2475B91D2}.Release|Any CPU.ActiveCfg = Release|Any CPU
		{76C138FB-7F08-467F-B3CE-8CA2475B91D2}.Release|Any CPU.Build.0 = Release|Any CPU
		{0432709D-7BE1-4B40-AF07-F43C62FF7907}.Debug|Any CPU.ActiveCfg = Debug|Any CPU
		{0432709D-7BE1-4B40-AF07-F43C62FF7907}.Debug|Any CPU.Build.0 = Debug|Any CPU
		{0432709D-7BE1-4B40-AF07-F43C62FF7907}.Release|Any CPU.ActiveCfg = Release|Any CPU
		{0432709D-7BE1-4B40-AF07-F43C62FF7907}.Release|Any CPU.Build.0 = Release|Any CPU
		{960535EA-7CA5-47BD-B193-EFF9D3496BBC}.Debug|Any CPU.ActiveCfg = Debug|Any CPU
		{960535EA-7CA5-47BD-B193-EFF9D3496BBC}.Debug|Any CPU.Build.0 = Debug|Any CPU
		{960535EA-7CA5-47BD-B193-EFF9D3496BBC}.Release|Any CPU.ActiveCfg = Release|Any CPU
		{960535EA-7CA5-47BD-B193-EFF9D3496BBC}.Release|Any CPU.Build.0 = Release|Any CPU
	EndGlobalSection
	GlobalSection(SolutionProperties) = preSolution
		HideSolutionNode = FALSE
	EndGlobalSection
	GlobalSection(NestedProjects) = preSolution
		{76C138FB-7F08-467F-B3CE-8CA2475B91D2} = {CEF9C9F6-EEB2-4652-9BFC-D1E766B0A999}
		{0432709D-7BE1-4B40-AF07-F43C62FF7907} = {0E8AD5FF-7E7D-4ACC-9F0E-1D3C334BA61A}
		{960535EA-7CA5-47BD-B193-EFF9D3496BBC} = {CEF9C9F6-EEB2-4652-9BFC-D1E766B0A999}
	EndGlobalSection
	GlobalSection(ExtensibilityGlobals) = postSolution
		SolutionGuid = {E142E684-7E7C-44A0-AA1B-B1A48075DAC2}
	EndGlobalSection
EndGlobal
